// !$*UTF8*$!
{
	archiveVersion = 1;
	classes = {
	};
	objectVersion = 50;
	objects = {

/* Begin PBXBuildFile section */
		F952D32424B09C8F0070AFBF /* AppDelegate.swift in Sources */ = {isa = PBXBuildFile; fileRef = F952D32324B09C8F0070AFBF /* AppDelegate.swift */; };
		F952D32624B09C8F0070AFBF /* SceneDelegate.swift in Sources */ = {isa = PBXBuildFile; fileRef = F952D32524B09C8F0070AFBF /* SceneDelegate.swift */; };
		F952D32824B09C8F0070AFBF /* ContentView.swift in Sources */ = {isa = PBXBuildFile; fileRef = F952D32724B09C8F0070AFBF /* ContentView.swift */; };
		F952D32A24B09C920070AFBF /* Assets.xcassets in Resources */ = {isa = PBXBuildFile; fileRef = F952D32924B09C920070AFBF /* Assets.xcassets */; };
		F952D32D24B09C920070AFBF /* Preview Assets.xcassets in Resources */ = {isa = PBXBuildFile; fileRef = F952D32C24B09C920070AFBF /* Preview Assets.xcassets */; };
		F952D33024B09C920070AFBF /* LaunchScreen.storyboard in Resources */ = {isa = PBXBuildFile; fileRef = F952D32E24B09C920070AFBF /* LaunchScreen.storyboard */; };
		F952D33B24B09C920070AFBF /* MPPSampleTests.swift in Sources */ = {isa = PBXBuildFile; fileRef = F952D33A24B09C920070AFBF /* MPPSampleTests.swift */; };
		F952D34624B09C920070AFBF /* MPPSampleUITests.swift in Sources */ = {isa = PBXBuildFile; fileRef = F952D34524B09C920070AFBF /* MPPSampleUITests.swift */; };
		F952D36024B0A5E90070AFBF /* shared.framework in Frameworks */ = {isa = PBXBuildFile; fileRef = F952D35524B0A51C0070AFBF /* shared.framework */; };
		F952D36124B0A5E90070AFBF /* shared.framework in Embed Frameworks */ = {isa = PBXBuildFile; fileRef = F952D35524B0A51C0070AFBF /* shared.framework */; settings = {ATTRIBUTES = (CodeSignOnCopy, RemoveHeadersOnCopy, ); }; };
/* End PBXBuildFile section */

/* Begin PBXContainerItemProxy section */
		F952D33724B09C920070AFBF /* PBXContainerItemProxy */ = {
			isa = PBXContainerItemProxy;
			containerPortal = F952D31824B09C8E0070AFBF /* Project object */;
			proxyType = 1;
			remoteGlobalIDString = F952D31F24B09C8E0070AFBF;
			remoteInfo = MPPSample;
		};
		F952D34224B09C920070AFBF /* PBXContainerItemProxy */ = {
			isa = PBXContainerItemProxy;
			containerPortal = F952D31824B09C8E0070AFBF /* Project object */;
			proxyType = 1;
			remoteGlobalIDString = F952D31F24B09C8E0070AFBF;
			remoteInfo = MPPSample;
		};
/* End PBXContainerItemProxy section */

/* Begin PBXCopyFilesBuildPhase section */
		F952D36224B0A5E90070AFBF /* Embed Frameworks */ = {
			isa = PBXCopyFilesBuildPhase;
			buildActionMask = 2147483647;
			dstPath = "";
			dstSubfolderSpec = 10;
			files = (
				F952D36124B0A5E90070AFBF /* shared.framework in Embed Frameworks */,
			);
			name = "Embed Frameworks";
			runOnlyForDeploymentPostprocessing = 0;
		};
/* End PBXCopyFilesBuildPhase section */

/* Begin PBXFileReference section */
		F952D32024B09C8F0070AFBF /* MPPSample.app */ = {isa = PBXFileReference; explicitFileType = wrapper.application; includeInIndex = 0; path = MPPSample.app; sourceTree = BUILT_PRODUCTS_DIR; };
		F952D32324B09C8F0070AFBF /* AppDelegate.swift */ = {isa = PBXFileReference; lastKnownFileType = sourcecode.swift; path = AppDelegate.swift; sourceTree = "<group>"; };
		F952D32524B09C8F0070AFBF /* SceneDelegate.swift */ = {isa = PBXFileReference; lastKnownFileType = sourcecode.swift; path = SceneDelegate.swift; sourceTree = "<group>"; };
		F952D32724B09C8F0070AFBF /* ContentView.swift */ = {isa = PBXFileReference; lastKnownFileType = sourcecode.swift; path = ContentView.swift; sourceTree = "<group>"; };
		F952D32924B09C920070AFBF /* Assets.xcassets */ = {isa = PBXFileReference; lastKnownFileType = folder.assetcatalog; path = Assets.xcassets; sourceTree = "<group>"; };
		F952D32C24B09C920070AFBF /* Preview Assets.xcassets */ = {isa = PBXFileReference; lastKnownFileType = folder.assetcatalog; path = "Preview Assets.xcassets"; sourceTree = "<group>"; };
		F952D32F24B09C920070AFBF /* Base */ = {isa = PBXFileReference; lastKnownFileType = file.storyboard; name = Base; path = Base.lproj/LaunchScreen.storyboard; sourceTree = "<group>"; };
		F952D33124B09C920070AFBF /* Info.plist */ = {isa = PBXFileReference; lastKnownFileType = text.plist.xml; path = Info.plist; sourceTree = "<group>"; };
		F952D33624B09C920070AFBF /* MPPSampleTests.xctest */ = {isa = PBXFileReference; explicitFileType = wrapper.cfbundle; includeInIndex = 0; path = MPPSampleTests.xctest; sourceTree = BUILT_PRODUCTS_DIR; };
		F952D33A24B09C920070AFBF /* MPPSampleTests.swift */ = {isa = PBXFileReference; lastKnownFileType = sourcecode.swift; path = MPPSampleTests.swift; sourceTree = "<group>"; };
		F952D33C24B09C920070AFBF /* Info.plist */ = {isa = PBXFileReference; lastKnownFileType = text.plist.xml; path = Info.plist; sourceTree = "<group>"; };
		F952D34124B09C920070AFBF /* MPPSampleUITests.xctest */ = {isa = PBXFileReference; explicitFileType = wrapper.cfbundle; includeInIndex = 0; path = MPPSampleUITests.xctest; sourceTree = BUILT_PRODUCTS_DIR; };
		F952D34524B09C920070AFBF /* MPPSampleUITests.swift */ = {isa = PBXFileReference; lastKnownFileType = sourcecode.swift; path = MPPSampleUITests.swift; sourceTree = "<group>"; };
		F952D34724B09C920070AFBF /* Info.plist */ = {isa = PBXFileReference; lastKnownFileType = text.plist.xml; path = Info.plist; sourceTree = "<group>"; };
		F952D35524B0A51C0070AFBF /* shared.framework */ = {isa = PBXFileReference; lastKnownFileType = wrapper.framework; name = shared.framework; path = "../../shared/build/xcode-frameworks/shared.framework"; sourceTree = "<group>"; };
		F952D35C24B0A5B80070AFBF /* shared */ = {isa = PBXFileReference; lastKnownFileType = "compiled.mach-o.dylib"; name = shared; path = "../../shared/build/xcode-frameworks/shared.framework/shared"; sourceTree = "<group>"; };
/* End PBXFileReference section */

/* Begin PBXFrameworksBuildPhase section */
		F952D31D24B09C8E0070AFBF /* Frameworks */ = {
			isa = PBXFrameworksBuildPhase;
			buildActionMask = 2147483647;
			files = (
				F952D36024B0A5E90070AFBF /* shared.framework in Frameworks */,
			);
			runOnlyForDeploymentPostprocessing = 0;
		};
		F952D33324B09C920070AFBF /* Frameworks */ = {
			isa = PBXFrameworksBuildPhase;
			buildActionMask = 2147483647;
			files = (
			);
			runOnlyForDeploymentPostprocessing = 0;
		};
		F952D33E24B09C920070AFBF /* Frameworks */ = {
			isa = PBXFrameworksBuildPhase;
			buildActionMask = 2147483647;
			files = (
			);
			runOnlyForDeploymentPostprocessing = 0;
		};
/* End PBXFrameworksBuildPhase section */

/* Begin PBXGroup section */
		F952D31724B09C8E0070AFBF = {
			isa = PBXGroup;
			children = (
				F952D32224B09C8F0070AFBF /* MPPSample */,
				F952D33924B09C920070AFBF /* MPPSampleTests */,
				F952D34424B09C920070AFBF /* MPPSampleUITests */,
				F952D32124B09C8F0070AFBF /* Products */,
				F952D35424B0A51B0070AFBF /* Frameworks */,
			);
			sourceTree = "<group>";
		};
		F952D32124B09C8F0070AFBF /* Products */ = {
			isa = PBXGroup;
			children = (
				F952D32024B09C8F0070AFBF /* MPPSample.app */,
				F952D33624B09C920070AFBF /* MPPSampleTests.xctest */,
				F952D34124B09C920070AFBF /* MPPSampleUITests.xctest */,
			);
			name = Products;
			sourceTree = "<group>";
		};
		F952D32224B09C8F0070AFBF /* MPPSample */ = {
			isa = PBXGroup;
			children = (
				F952D32324B09C8F0070AFBF /* AppDelegate.swift */,
				F952D32524B09C8F0070AFBF /* SceneDelegate.swift */,
				F952D32724B09C8F0070AFBF /* ContentView.swift */,
				F952D32924B09C920070AFBF /* Assets.xcassets */,
				F952D32E24B09C920070AFBF /* LaunchScreen.storyboard */,
				F952D33124B09C920070AFBF /* Info.plist */,
				F952D32B24B09C920070AFBF /* Preview Content */,
			);
			path = MPPSample;
			sourceTree = "<group>";
		};
		F952D32B24B09C920070AFBF /* Preview Content */ = {
			isa = PBXGroup;
			children = (
				F952D32C24B09C920070AFBF /* Preview Assets.xcassets */,
			);
			path = "Preview Content";
			sourceTree = "<group>";
		};
		F952D33924B09C920070AFBF /* MPPSampleTests */ = {
			isa = PBXGroup;
			children = (
				F952D33A24B09C920070AFBF /* MPPSampleTests.swift */,
				F952D33C24B09C920070AFBF /* Info.plist */,
			);
			path = MPPSampleTests;
			sourceTree = "<group>";
		};
		F952D34424B09C920070AFBF /* MPPSampleUITests */ = {
			isa = PBXGroup;
			children = (
				F952D34524B09C920070AFBF /* MPPSampleUITests.swift */,
				F952D34724B09C920070AFBF /* Info.plist */,
			);
			path = MPPSampleUITests;
			sourceTree = "<group>";
		};
		F952D35424B0A51B0070AFBF /* Frameworks */ = {
			isa = PBXGroup;
			children = (
				F952D35C24B0A5B80070AFBF /* shared */,
				F952D35524B0A51C0070AFBF /* shared.framework */,
			);
			name = Frameworks;
			sourceTree = "<group>";
		};
/* End PBXGroup section */

/* Begin PBXNativeTarget section */
		F952D31F24B09C8E0070AFBF /* MPPSample */ = {
			isa = PBXNativeTarget;
			buildConfigurationList = F952D34A24B09C920070AFBF /* Build configuration list for PBXNativeTarget "MPPSample" */;
			buildPhases = (
				F952D31C24B09C8E0070AFBF /* Sources */,
				F952D31D24B09C8E0070AFBF /* Frameworks */,
				F952D31E24B09C8E0070AFBF /* Resources */,
				F952D35324B0A1300070AFBF /* ShellScript */,
				F952D36224B0A5E90070AFBF /* Embed Frameworks */,
			);
			buildRules = (
			);
			dependencies = (
			);
			name = MPPSample;
			productName = MPPSample;
			productReference = F952D32024B09C8F0070AFBF /* MPPSample.app */;
			productType = "com.apple.product-type.application";
		};
		F952D33524B09C920070AFBF /* MPPSampleTests */ = {
			isa = PBXNativeTarget;
			buildConfigurationList = F952D34D24B09C920070AFBF /* Build configuration list for PBXNativeTarget "MPPSampleTests" */;
			buildPhases = (
				F952D33224B09C920070AFBF /* Sources */,
				F952D33324B09C920070AFBF /* Frameworks */,
				F952D33424B09C920070AFBF /* Resources */,
			);
			buildRules = (
			);
			dependencies = (
				F952D33824B09C920070AFBF /* PBXTargetDependency */,
			);
			name = MPPSampleTests;
			productName = MPPSampleTests;
			productReference = F952D33624B09C920070AFBF /* MPPSampleTests.xctest */;
			productType = "com.apple.product-type.bundle.unit-test";
		};
		F952D34024B09C920070AFBF /* MPPSampleUITests */ = {
			isa = PBXNativeTarget;
			buildConfigurationList = F952D35024B09C920070AFBF /* Build configuration list for PBXNativeTarget "MPPSampleUITests" */;
			buildPhases = (
				F952D33D24B09C920070AFBF /* Sources */,
				F952D33E24B09C920070AFBF /* Frameworks */,
				F952D33F24B09C920070AFBF /* Resources */,
			);
			buildRules = (
			);
			dependencies = (
				F952D34324B09C920070AFBF /* PBXTargetDependency */,
			);
			name = MPPSampleUITests;
			productName = MPPSampleUITests;
			productReference = F952D34124B09C920070AFBF /* MPPSampleUITests.xctest */;
			productType = "com.apple.product-type.bundle.ui-testing";
		};
/* End PBXNativeTarget section */

/* Begin PBXProject section */
		F952D31824B09C8E0070AFBF /* Project object */ = {
			isa = PBXProject;
			attributes = {
				LastSwiftUpdateCheck = 1150;
				LastUpgradeCheck = 1150;
				ORGANIZATIONNAME = mykhailo.dontsov;
				TargetAttributes = {
					F952D31F24B09C8E0070AFBF = {
						CreatedOnToolsVersion = 11.5;
					};
					F952D33524B09C920070AFBF = {
						CreatedOnToolsVersion = 11.5;
						TestTargetID = F952D31F24B09C8E0070AFBF;
					};
					F952D34024B09C920070AFBF = {
						CreatedOnToolsVersion = 11.5;
						TestTargetID = F952D31F24B09C8E0070AFBF;
					};
				};
			};
			buildConfigurationList = F952D31B24B09C8E0070AFBF /* Build configuration list for PBXProject "MPPSample" */;
			compatibilityVersion = "Xcode 9.3";
			developmentRegion = en;
			hasScannedForEncodings = 0;
			knownRegions = (
				en,
				Base,
			);
			mainGroup = F952D31724B09C8E0070AFBF;
			productRefGroup = F952D32124B09C8F0070AFBF /* Products */;
			projectDirPath = "";
			projectRoot = "";
			targets = (
				F952D31F24B09C8E0070AFBF /* MPPSample */,
				F952D33524B09C920070AFBF /* MPPSampleTests */,
				F952D34024B09C920070AFBF /* MPPSampleUITests */,
			);
		};
/* End PBXProject section */

/* Begin PBXResourcesBuildPhase section */
		F952D31E24B09C8E0070AFBF /* Resources */ = {
			isa = PBXResourcesBuildPhase;
			buildActionMask = 2147483647;
			files = (
				F952D33024B09C920070AFBF /* LaunchScreen.storyboard in Resources */,
				F952D32D24B09C920070AFBF /* Preview Assets.xcassets in Resources */,
				F952D32A24B09C920070AFBF /* Assets.xcassets in Resources */,
			);
			runOnlyForDeploymentPostprocessing = 0;
		};
		F952D33424B09C920070AFBF /* Resources */ = {
			isa = PBXResourcesBuildPhase;
			buildActionMask = 2147483647;
			files = (
			);
			runOnlyForDeploymentPostprocessing = 0;
		};
		F952D33F24B09C920070AFBF /* Resources */ = {
			isa = PBXResourcesBuildPhase;
			buildActionMask = 2147483647;
			files = (
			);
			runOnlyForDeploymentPostprocessing = 0;
		};
/* End PBXResourcesBuildPhase section */

/* Begin PBXShellScriptBuildPhase section */
		F952D35324B0A1300070AFBF /* ShellScript */ = {
			isa = PBXShellScriptBuildPhase;
			buildActionMask = 2147483647;
			files = (
			);
			inputFileListPaths = (
			);
			inputPaths = (
			);
			outputFileListPaths = (
			);
			outputPaths = (
			);
			runOnlyForDeploymentPostprocessing = 0;
			shellPath = /bin/sh;
			shellScript = "# Type a script or drag a script file from your workspace to insert its path.\ncd \"$SRCROOT/../../shared/build/xcode-frameworks\"\n./gradlew :shared:build -PXCODE_CONFIGURATION=${CONFIGURATION}\n";
		};
/* End PBXShellScriptBuildPhase section */

/* Begin PBXSourcesBuildPhase section */
		F952D31C24B09C8E0070AFBF /* Sources */ = {
			isa = PBXSourcesBuildPhase;
			buildActionMask = 2147483647;
			files = (
				F952D32424B09C8F0070AFBF /* AppDelegate.swift in Sources */,
				F952D32624B09C8F0070AFBF /* SceneDelegate.swift in Sources */,
				F952D32824B09C8F0070AFBF /* ContentView.swift in Sources */,
			);
			runOnlyForDeploymentPostprocessing = 0;
		};
		F952D33224B09C920070AFBF /* Sources */ = {
			isa = PBXSourcesBuildPhase;
			buildActionMask = 2147483647;
			files = (
				F952D33B24B09C920070AFBF /* MPPSampleTests.swift in Sources */,
			);
			runOnlyForDeploymentPostprocessing = 0;
		};
		F952D33D24B09C920070AFBF /* Sources */ = {
			isa = PBXSourcesBuildPhase;
			buildActionMask = 2147483647;
			files = (
				F952D34624B09C920070AFBF /* MPPSampleUITests.swift in Sources */,
			);
			runOnlyForDeploymentPostprocessing = 0;
		};
/* End PBXSourcesBuildPhase section */

/* Begin PBXTargetDependency section */
		F952D33824B09C920070AFBF /* PBXTargetDependency */ = {
			isa = PBXTargetDependency;
			target = F952D31F24B09C8E0070AFBF /* MPPSample */;
			targetProxy = F952D33724B09C920070AFBF /* PBXContainerItemProxy */;
		};
		F952D34324B09C920070AFBF /* PBXTargetDependency */ = {
			isa = PBXTargetDependency;
			target = F952D31F24B09C8E0070AFBF /* MPPSample */;
			targetProxy = F952D34224B09C920070AFBF /* PBXContainerItemProxy */;
		};
/* End PBXTargetDependency section */

/* Begin PBXVariantGroup section */
		F952D32E24B09C920070AFBF /* LaunchScreen.storyboard */ = {
			isa = PBXVariantGroup;
			children = (
				F952D32F24B09C920070AFBF /* Base */,
			);
			name = LaunchScreen.storyboard;
			sourceTree = "<group>";
		};
/* End PBXVariantGroup section */

/* Begin XCBuildConfiguration section */
		F952D34824B09C920070AFBF /* Debug */ = {
			isa = XCBuildConfiguration;
			buildSettings = {
				ALWAYS_SEARCH_USER_PATHS = NO;
				CLANG_ANALYZER_NONNULL = YES;
				CLANG_ANALYZER_NUMBER_OBJECT_CONVERSION = YES_AGGRESSIVE;
				CLANG_CXX_LANGUAGE_STANDARD = "gnu++14";
				CLANG_CXX_LIBRARY = "libc++";
				CLANG_ENABLE_MODULES = YES;
				CLANG_ENABLE_OBJC_ARC = YES;
				CLANG_ENABLE_OBJC_WEAK = YES;
				CLANG_WARN_BLOCK_CAPTURE_AUTORELEASING = YES;
				CLANG_WARN_BOOL_CONVERSION = YES;
				CLANG_WARN_COMMA = YES;
				CLANG_WARN_CONSTANT_CONVERSION = YES;
				CLANG_WARN_DEPRECATED_OBJC_IMPLEMENTATIONS = YES;
				CLANG_WARN_DIRECT_OBJC_ISA_USAGE = YES_ERROR;
				CLANG_WARN_DOCUMENTATION_COMMENTS = YES;
				CLANG_WARN_EMPTY_BODY = YES;
				CLANG_WARN_ENUM_CONVERSION = YES;
				CLANG_WARN_INFINITE_RECURSION = YES;
				CLANG_WARN_INT_CONVERSION = YES;
				CLANG_WARN_NON_LITERAL_NULL_CONVERSION = YES;
				CLANG_WARN_OBJC_IMPLICIT_RETAIN_SELF = YES;
				CLANG_WARN_OBJC_LITERAL_CONVERSION = YES;
				CLANG_WARN_OBJC_ROOT_CLASS = YES_ERROR;
				CLANG_WARN_RANGE_LOOP_ANALYSIS = YES;
				CLANG_WARN_STRICT_PROTOTYPES = YES;
				CLANG_WARN_SUSPICIOUS_MOVE = YES;
				CLANG_WARN_UNGUARDED_AVAILABILITY = YES_AGGRESSIVE;
				CLANG_WARN_UNREACHABLE_CODE = YES;
				CLANG_WARN__DUPLICATE_METHOD_MATCH = YES;
				COPY_PHASE_STRIP = NO;
				DEBUG_INFORMATION_FORMAT = dwarf;
				ENABLE_STRICT_OBJC_MSGSEND = YES;
				ENABLE_TESTABILITY = YES;
				GCC_C_LANGUAGE_STANDARD = gnu11;
				GCC_DYNAMIC_NO_PIC = NO;
				GCC_NO_COMMON_BLOCKS = YES;
				GCC_OPTIMIZATION_LEVEL = 0;
				GCC_PREPROCESSOR_DEFINITIONS = (
					"DEBUG=1",
					"$(inherited)",
				);
				GCC_WARN_64_TO_32_BIT_CONVERSION = YES;
				GCC_WARN_ABOUT_RETURN_TYPE = YES_ERROR;
				GCC_WARN_UNDECLARED_SELECTOR = YES;
				GCC_WARN_UNINITIALIZED_AUTOS = YES_AGGRESSIVE;
				GCC_WARN_UNUSED_FUNCTION = YES;
				GCC_WARN_UNUSED_VARIABLE = YES;
				IPHONEOS_DEPLOYMENT_TARGET = 13.5;
				MTL_ENABLE_DEBUG_INFO = INCLUDE_SOURCE;
				MTL_FAST_MATH = YES;
				ONLY_ACTIVE_ARCH = YES;
				SDKROOT = iphoneos;
				SWIFT_ACTIVE_COMPILATION_CONDITIONS = DEBUG;
				SWIFT_OPTIMIZATION_LEVEL = "-Onone";
			};
			name = Debug;
		};
		F952D34924B09C920070AFBF /* Release */ = {
			isa = XCBuildConfiguration;
			buildSettings = {
				ALWAYS_SEARCH_USER_PATHS = NO;
				CLANG_ANALYZER_NONNULL = YES;
				CLANG_ANALYZER_NUMBER_OBJECT_CONVERSION = YES_AGGRESSIVE;
				CLANG_CXX_LANGUAGE_STANDARD = "gnu++14";
				CLANG_CXX_LIBRARY = "libc++";
				CLANG_ENABLE_MODULES = YES;
				CLANG_ENABLE_OBJC_ARC = YES;
				CLANG_ENABLE_OBJC_WEAK = YES;
				CLANG_WARN_BLOCK_CAPTURE_AUTORELEASING = YES;
				CLANG_WARN_BOOL_CONVERSION = YES;
				CLANG_WARN_COMMA = YES;
				CLANG_WARN_CONSTANT_CONVERSION = YES;
				CLANG_WARN_DEPRECATED_OBJC_IMPLEMENTATIONS = YES;
				CLANG_WARN_DIRECT_OBJC_ISA_USAGE = YES_ERROR;
				CLANG_WARN_DOCUMENTATION_COMMENTS = YES;
				CLANG_WARN_EMPTY_BODY = YES;
				CLANG_WARN_ENUM_CONVERSION = YES;
				CLANG_WARN_INFINITE_RECURSION = YES;
				CLANG_WARN_INT_CONVERSION = YES;
				CLANG_WARN_NON_LITERAL_NULL_CONVERSION = YES;
				CLANG_WARN_OBJC_IMPLICIT_RETAIN_SELF = YES;
				CLANG_WARN_OBJC_LITERAL_CONVERSION = YES;
				CLANG_WARN_OBJC_ROOT_CLASS = YES_ERROR;
				CLANG_WARN_RANGE_LOOP_ANALYSIS = YES;
				CLANG_WARN_STRICT_PROTOTYPES = YES;
				CLANG_WARN_SUSPICIOUS_MOVE = YES;
				CLANG_WARN_UNGUARDED_AVAILABILITY = YES_AGGRESSIVE;
				CLANG_WARN_UNREACHABLE_CODE = YES;
				CLANG_WARN__DUPLICATE_METHOD_MATCH = YES;
				COPY_PHASE_STRIP = NO;
				DEBUG_INFORMATION_FORMAT = "dwarf-with-dsym";
				ENABLE_NS_ASSERTIONS = NO;
				ENABLE_STRICT_OBJC_MSGSEND = YES;
				GCC_C_LANGUAGE_STANDARD = gnu11;
				GCC_NO_COMMON_BLOCKS = YES;
				GCC_WARN_64_TO_32_BIT_CONVERSION = YES;
				GCC_WARN_ABOUT_RETURN_TYPE = YES_ERROR;
				GCC_WARN_UNDECLARED_SELECTOR = YES;
				GCC_WARN_UNINITIALIZED_AUTOS = YES_AGGRESSIVE;
				GCC_WARN_UNUSED_FUNCTION = YES;
				GCC_WARN_UNUSED_VARIABLE = YES;
				IPHONEOS_DEPLOYMENT_TARGET = 13.5;
				MTL_ENABLE_DEBUG_INFO = NO;
				MTL_FAST_MATH = YES;
				SDKROOT = iphoneos;
				SWIFT_COMPILATION_MODE = wholemodule;
				SWIFT_OPTIMIZATION_LEVEL = "-O";
				VALIDATE_PRODUCT = YES;
			};
			name = Release;
		};
		F952D34B24B09C920070AFBF /* Debug */ = {
			isa = XCBuildConfiguration;
			buildSettings = {
				ASSETCATALOG_COMPILER_APPICON_NAME = AppIcon;
				CODE_SIGN_STYLE = Automatic;
				DEVELOPMENT_ASSET_PATHS = "\"MPPSample/Preview Content\"";
				ENABLE_BITCODE = NO;
				ENABLE_PREVIEWS = YES;
				"FRAMEWORK_SEARCH_PATHS[arch=*]" = "$(SRCROOT)/../../shared/build/xcode-frameworks";
				INFOPLIST_FILE = MPPSample/Info.plist;
				LD_RUNPATH_SEARCH_PATHS = (
					"$(inherited)",
					"@executable_path/Frameworks",
				);
				PRODUCT_BUNDLE_IDENTIFIER = com.mikedon.MPPSample;
				PRODUCT_NAME = "$(TARGET_NAME)";
				SWIFT_VERSION = 5.0;
				TARGETED_DEVICE_FAMILY = "1,2";
			};
			name = Debug;
		};
		F952D34C24B09C920070AFBF /* Release */ = {
			isa = XCBuildConfiguration;
			buildSettings = {
				ASSETCATALOG_COMPILER_APPICON_NAME = AppIcon;
				CODE_SIGN_STYLE = Automatic;
				DEVELOPMENT_ASSET_PATHS = "\"MPPSample/Preview Content\"";
				ENABLE_BITCODE = NO;
				ENABLE_PREVIEWS = YES;
				"FRAMEWORK_SEARCH_PATHS[arch=*]" = "$(SRCROOT)/../../shared/build/xcode-frameworks";
				INFOPLIST_FILE = MPPSample/Info.plist;
				LD_RUNPATH_SEARCH_PATHS = (
					"$(inherited)",
					"@executable_path/Frameworks",
				);
				PRODUCT_BUNDLE_IDENTIFIER = com.mikedon.MPPSample;
				PRODUCT_NAME = "$(TARGET_NAME)";
				SWIFT_VERSION = 5.0;
				TARGETED_DEVICE_FAMILY = "1,2";
			};
			name = Release;
		};
		F952D34E24B09C920070AFBF /* Debug */ = {
			isa = XCBuildConfiguration;
			buildSettings = {
				ALWAYS_EMBED_SWIFT_STANDARD_LIBRARIES = YES;
				BUNDLE_LOADER = "$(TEST_HOST)";
				CODE_SIGN_STYLE = Automatic;
				INFOPLIST_FILE = MPPSampleTests/Info.plist;
				IPHONEOS_DEPLOYMENT_TARGET = 13.5;
				LD_RUNPATH_SEARCH_PATHS = (
					"$(inherited)",
					"@executable_path/Frameworks",
					"@loader_path/Frameworks",
				);
				PRODUCT_BUNDLE_IDENTIFIER = com.mikedon.MPPSampleTests;
				PRODUCT_NAME = "$(TARGET_NAME)";
				SWIFT_VERSION = 5.0;
				TARGETED_DEVICE_FAMILY = "1,2";
				TEST_HOST = "$(BUILT_PRODUCTS_DIR)/MPPSample.app/MPPSample";
			};
			name = Debug;
		};
		F952D34F24B09C920070AFBF /* Release */ = {
			isa = XCBuildConfiguration;
			buildSettings = {
				ALWAYS_EMBED_SWIFT_STANDARD_LIBRARIES = YES;
				BUNDLE_LOADER = "$(TEST_HOST)";
				CODE_SIGN_STYLE = Automatic;
				INFOPLIST_FILE = MPPSampleTests/Info.plist;
				IPHONEOS_DEPLOYMENT_TARGET = 13.5;
				LD_RUNPATH_SEARCH_PATHS = (
					"$(inherited)",
					"@executable_path/Frameworks",
					"@loader_path/Frameworks",
				);
				PRODUCT_BUNDLE_IDENTIFIER = com.mikedon.MPPSampleTests;
				PRODUCT_NAME = "$(TARGET_NAME)";
				SWIFT_VERSION = 5.0;
				TARGETED_DEVICE_FAMILY = "1,2";
				TEST_HOST = "$(BUILT_PRODUCTS_DIR)/MPPSample.app/MPPSample";
			};
			name = Release;
		};
		F952D35124B09C920070AFBF /* Debug */ = {
			isa = XCBuildConfiguration;
			buildSettings = {
				ALWAYS_EMBED_SWIFT_STANDARD_LIBRARIES = YES;
				CODE_SIGN_STYLE = Automatic;
				INFOPLIST_FILE = MPPSampleUITests/Info.plist;
				LD_RUNPATH_SEARCH_PATHS = (
					"$(inherited)",
					"@executable_path/Frameworks",
					"@loader_path/Frameworks",
				);
				PRODUCT_BUNDLE_IDENTIFIER = com.mikedon.MPPSampleUITests;
				PRODUCT_NAME = "$(TARGET_NAME)";
				SWIFT_VERSION = 5.0;
				TARGETED_DEVICE_FAMILY = "1,2";
				TEST_TARGET_NAME = MPPSample;
			};
			name = Debug;
		};
		F952D35224B09C920070AFBF /* Release */ = {
			isa = XCBuildConfiguration;
			buildSettings = {
				ALWAYS_EMBED_SWIFT_STANDARD_LIBRARIES = YES;
				CODE_SIGN_STYLE = Automatic;
				INFOPLIST_FILE = MPPSampleUITests/Info.plist;
				LD_RUNPATH_SEARCH_PATHS = (
					"$(inherited)",
					"@executable_path/Frameworks",
					"@loader_path/Frameworks",
				);
				PRODUCT_BUNDLE_IDENTIFIER = com.mikedon.MPPSampleUITests;
				PRODUCT_NAME = "$(TARGET_NAME)";
				SWIFT_VERSION = 5.0;
				TARGETED_DEVICE_FAMILY = "1,2";
				TEST_TARGET_NAME = MPPSample;
			};
			name = Release;
		};
/* End XCBuildConfiguration section */

/* Begin XCConfigurationList section */
		F952D31B24B09C8E0070AFBF /* Build configuration list for PBXProject "MPPSample" */ = {
			isa = XCConfigurationList;
			buildConfigurations = (
				F952D34824B09C920070AFBF /* Debug */,
				F952D34924B09C920070AFBF /* Release */,
			);
			defaultConfigurationIsVisible = 0;
			defaultConfigurationName = Release;
		};
		F952D34A24B09C920070AFBF /* Build configuration list for PBXNativeTarget "MPPSample" */ = {
			isa = XCConfigurationList;
			buildConfigurations = (
				F952D34B24B09C920070AFBF /* Debug */,
				F952D34C24B09C920070AFBF /* Release */,
			);
			defaultConfigurationIsVisible = 0;
			defaultConfigurationName = Release;
		};
		F952D34D24B09C920070AFBF /* Build configuration list for PBXNativeTarget "MPPSampleTests" */ = {
			isa = XCConfigurationList;
			buildConfigurations = (
				F952D34E24B09C920070AFBF /* Debug */,
				F952D34F24B09C920070AFBF /* Release */,
			);
			defaultConfigurationIsVisible = 0;
			defaultConfigurationName = Release;
		};
		F952D35024B09C920070AFBF /* Build configuration list for PBXNativeTarget "MPPSampleUITests" */ = {
			isa = XCConfigurationList;
			buildConfigurations = (
				F952D35124B09C920070AFBF /* Debug */,
				F952D35224B09C920070AFBF /* Release */,
			);
			defaultConfigurationIsVisible = 0;
			defaultConfigurationName = Release;
		};
/* End XCConfigurationList section */
	};
	rootObject = F952D31824B09C8E0070AFBF /* Project object */;
}
